
Microsoft Visual Studio Solution File, Format Version 12.00
# Visual Studio Version 16
VisualStudioVersion = 16.0.31410.357
MinimumVisualStudioVersion = 10.0.40219.1
Project("{9A19103F-16F7-4668-BE54-9A1E7A4F7556}") = "EmployeeDataManipulation", "EmployeeDataManipulation\EmployeeDataManipulation.csproj", "{48FD9D37-2302-4ABE-A873-80845669EE1B}"
EndProject
Global
	GlobalSection(SolutionConfigurationPlatforms) = preSolution
		Debug|Any CPU = Debug|Any CPU
		Release|Any CPU = Release|Any CPU
	EndGlobalSection
	GlobalSection(ProjectConfigurationPlatforms) = postSolution
		{48FD9D37-2302-4ABE-A873-80845669EE1B}.Debug|Any CPU.ActiveCfg = Debug|Any CPU
		{48FD9D37-2302-4ABE-A873-80845669EE1B}.Debug|Any CPU.Build.0 = Debug|Any CPU
		{48FD9D37-2302-4ABE-A873-80845669EE1B}.Release|Any CPU.ActiveCfg = Release|Any CPU
		{48FD9D37-2302-4ABE-A873-80845669EE1B}.Release|Any CPU.Build.0 = Release|Any CPU
	EndGlobalSection
	GlobalSection(SolutionProperties) = preSolution
		HideSolutionNode = FALSE
	EndGlobalSection
	GlobalSection(ExtensibilityGlobals) = postSolution
		SolutionGuid = {61D8CB2A-D3E6-4D84-9FD6-A29AA5CC5EFC}
	EndGlobalSection
EndGlobal
